// !$*UTF8*$!
{
	archiveVersion = 1;
	classes = {
	};
	objectVersion = 50;
	objects = {

/* Begin PBXBuildFile section */
		A63B2AEA21AAFD3F008F9BF5 /* AppDelegate.swift in Sources */ = {isa = PBXBuildFile; fileRef = A63B2AE921AAFD3F008F9BF5 /* AppDelegate.swift */; };
		A63B2AEC21AAFD3F008F9BF5 /* GameScene.sks in Resources */ = {isa = PBXBuildFile; fileRef = A63B2AEB21AAFD3F008F9BF5 /* GameScene.sks */; };
		A63B2AEE21AAFD3F008F9BF5 /* Actions.sks in Resources */ = {isa = PBXBuildFile; fileRef = A63B2AED21AAFD3F008F9BF5 /* Actions.sks */; };
		A63B2AF021AAFD3F008F9BF5 /* GameScene.swift in Sources */ = {isa = PBXBuildFile; fileRef = A63B2AEF21AAFD3F008F9BF5 /* GameScene.swift */; };
		A63B2AF221AAFD3F008F9BF5 /* GameViewController.swift in Sources */ = {isa = PBXBuildFile; fileRef = A63B2AF121AAFD3F008F9BF5 /* GameViewController.swift */; };
		A63B2AF521AAFD3F008F9BF5 /* Main.storyboard in Resources */ = {isa = PBXBuildFile; fileRef = A63B2AF321AAFD3F008F9BF5 /* Main.storyboard */; };
		A63B2AF721AAFD40008F9BF5 /* Assets.xcassets in Resources */ = {isa = PBXBuildFile; fileRef = A63B2AF621AAFD40008F9BF5 /* Assets.xcassets */; };
		A63B2AFA21AAFD40008F9BF5 /* LaunchScreen.storyboard in Resources */ = {isa = PBXBuildFile; fileRef = A63B2AF821AAFD40008F9BF5 /* LaunchScreen.storyboard */; };
		A63B2B0521AAFD40008F9BF5 /* Rocket_WarTests.swift in Sources */ = {isa = PBXBuildFile; fileRef = A63B2B0421AAFD40008F9BF5 /* Rocket_WarTests.swift */; };
		A63B2B1021AAFD40008F9BF5 /* Rocket_WarUITests.swift in Sources */ = {isa = PBXBuildFile; fileRef = A63B2B0F21AAFD40008F9BF5 /* Rocket_WarUITests.swift */; };
		A68A6DB921BFDD0A007E8C8E /* theboldfont.ttf in Resources */ = {isa = PBXBuildFile; fileRef = A68A6DB821BFDD0A007E8C8E /* theboldfont.ttf */; };
		A68A79BF21AB07E600731E79 /* bulletSound.mp3 in Resources */ = {isa = PBXBuildFile; fileRef = A68A79BE21AB07E600731E79 /* bulletSound.mp3 */; };
		A69AE74E21BE8D780000DB67 /* explosionSound.mp3 in Resources */ = {isa = PBXBuildFile; fileRef = A69AE74D21BE8D780000DB67 /* explosionSound.mp3 */; };
		A69B770721C40E1B00B5CFFA /* GameOverScene.swift in Sources */ = {isa = PBXBuildFile; fileRef = A69B770621C40E1B00B5CFFA /* GameOverScene.swift */; };
/* End PBXBuildFile section */

/* Begin PBXContainerItemProxy section */
		A63B2B0121AAFD40008F9BF5 /* PBXContainerItemProxy */ = {
			isa = PBXContainerItemProxy;
			containerPortal = A63B2ADE21AAFD3F008F9BF5 /* Project object */;
			proxyType = 1;
			remoteGlobalIDString = A63B2AE521AAFD3F008F9BF5;
			remoteInfo = "Rocket War";
		};
		A63B2B0C21AAFD40008F9BF5 /* PBXContainerItemProxy */ = {
			isa = PBXContainerItemProxy;
			containerPortal = A63B2ADE21AAFD3F008F9BF5 /* Project object */;
			proxyType = 1;
			remoteGlobalIDString = A63B2AE521AAFD3F008F9BF5;
			remoteInfo = "Rocket War";
		};
/* End PBXContainerItemProxy section */

/* Begin PBXFileReference section */
		A63B2AE621AAFD3F008F9BF5 /* Rocket War.app */ = {isa = PBXFileReference; explicitFileType = wrapper.application; includeInIndex = 0; path = "Rocket War.app"; sourceTree = BUILT_PRODUCTS_DIR; };
		A63B2AE921AAFD3F008F9BF5 /* AppDelegate.swift */ = {isa = PBXFileReference; lastKnownFileType = sourcecode.swift; path = AppDelegate.swift; sourceTree = "<group>"; };
		A63B2AEB21AAFD3F008F9BF5 /* GameScene.sks */ = {isa = PBXFileReference; lastKnownFileType = file.sks; path = GameScene.sks; sourceTree = "<group>"; };
		A63B2AED21AAFD3F008F9BF5 /* Actions.sks */ = {isa = PBXFileReference; lastKnownFileType = file.sks; path = Actions.sks; sourceTree = "<group>"; };
		A63B2AEF21AAFD3F008F9BF5 /* GameScene.swift */ = {isa = PBXFileReference; lastKnownFileType = sourcecode.swift; path = GameScene.swift; sourceTree = "<group>"; };
		A63B2AF121AAFD3F008F9BF5 /* GameViewController.swift */ = {isa = PBXFileReference; lastKnownFileType = sourcecode.swift; path = GameViewController.swift; sourceTree = "<group>"; };
		A63B2AF421AAFD3F008F9BF5 /* Base */ = {isa = PBXFileReference; lastKnownFileType = file.storyboard; name = Base; path = Base.lproj/Main.storyboard; sourceTree = "<group>"; };
		A63B2AF621AAFD40008F9BF5 /* Assets.xcassets */ = {isa = PBXFileReference; lastKnownFileType = folder.assetcatalog; path = Assets.xcassets; sourceTree = "<group>"; };
		A63B2AF921AAFD40008F9BF5 /* Base */ = {isa = PBXFileReference; lastKnownFileType = file.storyboard; name = Base; path = Base.lproj/LaunchScreen.storyboard; sourceTree = "<group>"; };
		A63B2AFB21AAFD40008F9BF5 /* Info.plist */ = {isa = PBXFileReference; lastKnownFileType = text.plist.xml; path = Info.plist; sourceTree = "<group>"; };
		A63B2B0021AAFD40008F9BF5 /* Rocket WarTests.xctest */ = {isa = PBXFileReference; explicitFileType = wrapper.cfbundle; includeInIndex = 0; path = "Rocket WarTests.xctest"; sourceTree = BUILT_PRODUCTS_DIR; };
		A63B2B0421AAFD40008F9BF5 /* Rocket_WarTests.swift */ = {isa = PBXFileReference; lastKnownFileType = sourcecode.swift; path = Rocket_WarTests.swift; sourceTree = "<group>"; };
		A63B2B0621AAFD40008F9BF5 /* Info.plist */ = {isa = PBXFileReference; lastKnownFileType = text.plist.xml; path = Info.plist; sourceTree = "<group>"; };
		A63B2B0B21AAFD40008F9BF5 /* Rocket WarUITests.xctest */ = {isa = PBXFileReference; explicitFileType = wrapper.cfbundle; includeInIndex = 0; path = "Rocket WarUITests.xctest"; sourceTree = BUILT_PRODUCTS_DIR; };
		A63B2B0F21AAFD40008F9BF5 /* Rocket_WarUITests.swift */ = {isa = PBXFileReference; lastKnownFileType = sourcecode.swift; path = Rocket_WarUITests.swift; sourceTree = "<group>"; };
		A63B2B1121AAFD40008F9BF5 /* Info.plist */ = {isa = PBXFileReference; lastKnownFileType = text.plist.xml; path = Info.plist; sourceTree = "<group>"; };
		A68A6DB821BFDD0A007E8C8E /* theboldfont.ttf */ = {isa = PBXFileReference; lastKnownFileType = file; path = theboldfont.ttf; sourceTree = "<group>"; };
		A68A79BE21AB07E600731E79 /* bulletSound.mp3 */ = {isa = PBXFileReference; lastKnownFileType = audio.mp3; path = bulletSound.mp3; sourceTree = "<group>"; };
		A69AE74D21BE8D780000DB67 /* explosionSound.mp3 */ = {isa = PBXFileReference; lastKnownFileType = audio.mp3; path = explosionSound.mp3; sourceTree = "<group>"; };
		A69B770621C40E1B00B5CFFA /* GameOverScene.swift */ = {isa = PBXFileReference; lastKnownFileType = sourcecode.swift; path = GameOverScene.swift; sourceTree = "<group>"; };
/* End PBXFileReference section */

/* Begin PBXFrameworksBuildPhase section */
		A63B2AE321AAFD3F008F9BF5 /* Frameworks */ = {
			isa = PBXFrameworksBuildPhase;
			buildActionMask = 2147483647;
			files = (
			);
			runOnlyForDeploymentPostprocessing = 0;
		};
		A63B2AFD21AAFD40008F9BF5 /* Frameworks */ = {
			isa = PBXFrameworksBuildPhase;
			buildActionMask = 2147483647;
			files = (
			);
			runOnlyForDeploymentPostprocessing = 0;
		};
		A63B2B0821AAFD40008F9BF5 /* Frameworks */ = {
			isa = PBXFrameworksBuildPhase;
			buildActionMask = 2147483647;
			files = (
			);
			runOnlyForDeploymentPostprocessing = 0;
		};
/* End PBXFrameworksBuildPhase section */

/* Begin PBXGroup section */
		A63B2ADD21AAFD3F008F9BF5 = {
			isa = PBXGroup;
			children = (
				A63B2AE821AAFD3F008F9BF5 /* Rocket War */,
				A63B2B0321AAFD40008F9BF5 /* Rocket WarTests */,
				A63B2B0E21AAFD40008F9BF5 /* Rocket WarUITests */,
				A63B2AE721AAFD3F008F9BF5 /* Products */,
			);
			sourceTree = "<group>";
		};
		A63B2AE721AAFD3F008F9BF5 /* Products */ = {
			isa = PBXGroup;
			children = (
				A63B2AE621AAFD3F008F9BF5 /* Rocket War.app */,
				A63B2B0021AAFD40008F9BF5 /* Rocket WarTests.xctest */,
				A63B2B0B21AAFD40008F9BF5 /* Rocket WarUITests.xctest */,
			);
			name = Products;
			sourceTree = "<group>";
		};
		A63B2AE821AAFD3F008F9BF5 /* Rocket War */ = {
			isa = PBXGroup;
			children = (
				A63B2AE921AAFD3F008F9BF5 /* AppDelegate.swift */,
				A63B2AEB21AAFD3F008F9BF5 /* GameScene.sks */,
				A63B2AED21AAFD3F008F9BF5 /* Actions.sks */,
				A63B2AEF21AAFD3F008F9BF5 /* GameScene.swift */,
				A69B770621C40E1B00B5CFFA /* GameOverScene.swift */,
				A63B2AF121AAFD3F008F9BF5 /* GameViewController.swift */,
				A68A79BE21AB07E600731E79 /* bulletSound.mp3 */,
				A69AE74D21BE8D780000DB67 /* explosionSound.mp3 */,
				A68A6DB821BFDD0A007E8C8E /* theboldfont.ttf */,
				A63B2AF321AAFD3F008F9BF5 /* Main.storyboard */,
				A63B2AF621AAFD40008F9BF5 /* Assets.xcassets */,
				A63B2AF821AAFD40008F9BF5 /* LaunchScreen.storyboard */,
				A63B2AFB21AAFD40008F9BF5 /* Info.plist */,
			);
			path = "Rocket War";
			sourceTree = "<group>";
		};
		A63B2B0321AAFD40008F9BF5 /* Rocket WarTests */ = {
			isa = PBXGroup;
			children = (
				A63B2B0421AAFD40008F9BF5 /* Rocket_WarTests.swift */,
				A63B2B0621AAFD40008F9BF5 /* Info.plist */,
			);
			path = "Rocket WarTests";
			sourceTree = "<group>";
		};
		A63B2B0E21AAFD40008F9BF5 /* Rocket WarUITests */ = {
			isa = PBXGroup;
			children = (
				A63B2B0F21AAFD40008F9BF5 /* Rocket_WarUITests.swift */,
				A63B2B1121AAFD40008F9BF5 /* Info.plist */,
			);
			path = "Rocket WarUITests";
			sourceTree = "<group>";
		};
/* End PBXGroup section */

/* Begin PBXNativeTarget section */
		A63B2AE521AAFD3F008F9BF5 /* Rocket War */ = {
			isa = PBXNativeTarget;
			buildConfigurationList = A63B2B1421AAFD40008F9BF5 /* Build configuration list for PBXNativeTarget "Rocket War" */;
			buildPhases = (
				A63B2AE221AAFD3F008F9BF5 /* Sources */,
				A63B2AE321AAFD3F008F9BF5 /* Frameworks */,
				A63B2AE421AAFD3F008F9BF5 /* Resources */,
			);
			buildRules = (
			);
			dependencies = (
			);
			name = "Rocket War";
			productName = "Rocket War";
			productReference = A63B2AE621AAFD3F008F9BF5 /* Rocket War.app */;
			productType = "com.apple.product-type.application";
		};
		A63B2AFF21AAFD40008F9BF5 /* Rocket WarTests */ = {
			isa = PBXNativeTarget;
			buildConfigurationList = A63B2B1721AAFD40008F9BF5 /* Build configuration list for PBXNativeTarget "Rocket WarTests" */;
			buildPhases = (
				A63B2AFC21AAFD40008F9BF5 /* Sources */,
				A63B2AFD21AAFD40008F9BF5 /* Frameworks */,
				A63B2AFE21AAFD40008F9BF5 /* Resources */,
			);
			buildRules = (
			);
			dependencies = (
				A63B2B0221AAFD40008F9BF5 /* PBXTargetDependency */,
			);
			name = "Rocket WarTests";
			productName = "Rocket WarTests";
			productReference = A63B2B0021AAFD40008F9BF5 /* Rocket WarTests.xctest */;
			productType = "com.apple.product-type.bundle.unit-test";
		};
		A63B2B0A21AAFD40008F9BF5 /* Rocket WarUITests */ = {
			isa = PBXNativeTarget;
			buildConfigurationList = A63B2B1A21AAFD40008F9BF5 /* Build configuration list for PBXNativeTarget "Rocket WarUITests" */;
			buildPhases = (
				A63B2B0721AAFD40008F9BF5 /* Sources */,
				A63B2B0821AAFD40008F9BF5 /* Frameworks */,
				A63B2B0921AAFD40008F9BF5 /* Resources */,
			);
			buildRules = (
			);
			dependencies = (
				A63B2B0D21AAFD40008F9BF5 /* PBXTargetDependency */,
			);
			name = "Rocket WarUITests";
			productName = "Rocket WarUITests";
			productReference = A63B2B0B21AAFD40008F9BF5 /* Rocket WarUITests.xctest */;
			productType = "com.apple.product-type.bundle.ui-testing";
		};
/* End PBXNativeTarget section */

/* Begin PBXProject section */
		A63B2ADE21AAFD3F008F9BF5 /* Project object */ = {
			isa = PBXProject;
			attributes = {
				LastSwiftUpdateCheck = 1010;
				LastUpgradeCheck = 1010;
				ORGANIZATIONNAME = "Elod&Arni";
				TargetAttributes = {
					A63B2AE521AAFD3F008F9BF5 = {
						CreatedOnToolsVersion = 10.1;
					};
					A63B2AFF21AAFD40008F9BF5 = {
						CreatedOnToolsVersion = 10.1;
						TestTargetID = A63B2AE521AAFD3F008F9BF5;
					};
					A63B2B0A21AAFD40008F9BF5 = {
						CreatedOnToolsVersion = 10.1;
						TestTargetID = A63B2AE521AAFD3F008F9BF5;
					};
				};
			};
			buildConfigurationList = A63B2AE121AAFD3F008F9BF5 /* Build configuration list for PBXProject "Rocket War" */;
			compatibilityVersion = "Xcode 9.3";
			developmentRegion = en;
			hasScannedForEncodings = 0;
			knownRegions = (
				en,
				Base,
			);
			mainGroup = A63B2ADD21AAFD3F008F9BF5;
			productRefGroup = A63B2AE721AAFD3F008F9BF5 /* Products */;
			projectDirPath = "";
			projectRoot = "";
			targets = (
				A63B2AE521AAFD3F008F9BF5 /* Rocket War */,
				A63B2AFF21AAFD40008F9BF5 /* Rocket WarTests */,
				A63B2B0A21AAFD40008F9BF5 /* Rocket WarUITests */,
			);
		};
/* End PBXProject section */

/* Begin PBXResourcesBuildPhase section */
		A63B2AE421AAFD3F008F9BF5 /* Resources */ = {
			isa = PBXResourcesBuildPhase;
			buildActionMask = 2147483647;
			files = (
				A63B2AF521AAFD3F008F9BF5 /* Main.storyboard in Resources */,
				A63B2AEC21AAFD3F008F9BF5 /* GameScene.sks in Resources */,
				A63B2AF721AAFD40008F9BF5 /* Assets.xcassets in Resources */,
				A63B2AFA21AAFD40008F9BF5 /* LaunchScreen.storyboard in Resources */,
				A68A6DB921BFDD0A007E8C8E /* theboldfont.ttf in Resources */,
				A68A79BF21AB07E600731E79 /* bulletSound.mp3 in Resources */,
				A63B2AEE21AAFD3F008F9BF5 /* Actions.sks in Resources */,
				A69AE74E21BE8D780000DB67 /* explosionSound.mp3 in Resources */,
			);
			runOnlyForDeploymentPostprocessing = 0;
		};
		A63B2AFE21AAFD40008F9BF5 /* Resources */ = {
			isa = PBXResourcesBuildPhase;
			buildActionMask = 2147483647;
			files = (
			);
			runOnlyForDeploymentPostprocessing = 0;
		};
		A63B2B0921AAFD40008F9BF5 /* Resources */ = {
			isa = PBXResourcesBuildPhase;
			buildActionMask = 2147483647;
			files = (
			);
			runOnlyForDeploymentPostprocessing = 0;
		};
/* End PBXResourcesBuildPhase section */

/* Begin PBXSourcesBuildPhase section */
		A63B2AE221AAFD3F008F9BF5 /* Sources */ = {
			isa = PBXSourcesBuildPhase;
			buildActionMask = 2147483647;
			files = (
				A63B2AF021AAFD3F008F9BF5 /* GameScene.swift in Sources */,
				A63B2AF221AAFD3F008F9BF5 /* GameViewController.swift in Sources */,
				A69B770721C40E1B00B5CFFA /* GameOverScene.swift in Sources */,
				A63B2AEA21AAFD3F008F9BF5 /* AppDelegate.swift in Sources */,
			);
			runOnlyForDeploymentPostprocessing = 0;
		};
		A63B2AFC21AAFD40008F9BF5 /* Sources */ = {
			isa = PBXSourcesBuildPhase;
			buildActionMask = 2147483647;
			files = (
				A63B2B0521AAFD40008F9BF5 /* Rocket_WarTests.swift in Sources */,
			);
			runOnlyForDeploymentPostprocessing = 0;
		};
		A63B2B0721AAFD40008F9BF5 /* Sources */ = {
			isa = PBXSourcesBuildPhase;
			buildActionMask = 2147483647;
			files = (
				A63B2B1021AAFD40008F9BF5 /* Rocket_WarUITests.swift in Sources */,
			);
			runOnlyForDeploymentPostprocessing = 0;
		};
/* End PBXSourcesBuildPhase section */

/* Begin PBXTargetDependency section */
		A63B2B0221AAFD40008F9BF5 /* PBXTargetDependency */ = {
			isa = PBXTargetDependency;
			target = A63B2AE521AAFD3F008F9BF5 /* Rocket War */;
			targetProxy = A63B2B0121AAFD40008F9BF5 /* PBXContainerItemProxy */;
		};
		A63B2B0D21AAFD40008F9BF5 /* PBXTargetDependency */ = {
			isa = PBXTargetDependency;
			target = A63B2AE521AAFD3F008F9BF5 /* Rocket War */;
			targetProxy = A63B2B0C21AAFD40008F9BF5 /* PBXContainerItemProxy */;
		};
/* End PBXTargetDependency section */

/* Begin PBXVariantGroup section */
		A63B2AF321AAFD3F008F9BF5 /* Main.storyboard */ = {
			isa = PBXVariantGroup;
			children = (
				A63B2AF421AAFD3F008F9BF5 /* Base */,
			);
			name = Main.storyboard;
			sourceTree = "<group>";
		};
		A63B2AF821AAFD40008F9BF5 /* LaunchScreen.storyboard */ = {
			isa = PBXVariantGroup;
			children = (
				A63B2AF921AAFD40008F9BF5 /* Base */,
			);
			name = LaunchScreen.storyboard;
			sourceTree = "<group>";
		};
/* End PBXVariantGroup section */

/* Begin XCBuildConfiguration section */
		A63B2B1221AAFD40008F9BF5 /* Debug */ = {
			isa = XCBuildConfiguration;
			buildSettings = {
				ALWAYS_SEARCH_USER_PATHS = NO;
				CLANG_ANALYZER_NONNULL = YES;
				CLANG_ANALYZER_NUMBER_OBJECT_CONVERSION = YES_AGGRESSIVE;
				CLANG_CXX_LANGUAGE_STANDARD = "gnu++14";
				CLANG_CXX_LIBRARY = "libc++";
				CLANG_ENABLE_MODULES = YES;
				CLANG_ENABLE_OBJC_ARC = YES;
				CLANG_ENABLE_OBJC_WEAK = YES;
				CLANG_WARN_BLOCK_CAPTURE_AUTORELEASING = YES;
				CLANG_WARN_BOOL_CONVERSION = YES;
				CLANG_WARN_COMMA = YES;
				CLANG_WARN_CONSTANT_CONVERSION = YES;
				CLANG_WARN_DEPRECATED_OBJC_IMPLEMENTATIONS = YES;
				CLANG_WARN_DIRECT_OBJC_ISA_USAGE = YES_ERROR;
				CLANG_WARN_DOCUMENTATION_COMMENTS = YES;
				CLANG_WARN_EMPTY_BODY = YES;
				CLANG_WARN_ENUM_CONVERSION = YES;
				CLANG_WARN_INFINITE_RECURSION = YES;
				CLANG_WARN_INT_CONVERSION = YES;
				CLANG_WARN_NON_LITERAL_NULL_CONVERSION = YES;
				CLANG_WARN_OBJC_IMPLICIT_RETAIN_SELF = YES;
				CLANG_WARN_OBJC_LITERAL_CONVERSION = YES;
				CLANG_WARN_OBJC_ROOT_CLASS = YES_ERROR;
				CLANG_WARN_RANGE_LOOP_ANALYSIS = YES;
				CLANG_WARN_STRICT_PROTOTYPES = YES;
				CLANG_WARN_SUSPICIOUS_MOVE = YES;
				CLANG_WARN_UNGUARDED_AVAILABILITY = YES_AGGRESSIVE;
				CLANG_WARN_UNREACHABLE_CODE = YES;
				CLANG_WARN__DUPLICATE_METHOD_MATCH = YES;
				CODE_SIGN_IDENTITY = "iPhone Developer";
				COPY_PHASE_STRIP = NO;
				DEBUG_INFORMATION_FORMAT = dwarf;
				ENABLE_STRICT_OBJC_MSGSEND = YES;
				ENABLE_TESTABILITY = YES;
				GCC_C_LANGUAGE_STANDARD = gnu11;
				GCC_DYNAMIC_NO_PIC = NO;
				GCC_NO_COMMON_BLOCKS = YES;
				GCC_OPTIMIZATION_LEVEL = 0;
				GCC_PREPROCESSOR_DEFINITIONS = (
					"DEBUG=1",
					"$(inherited)",
				);
				GCC_WARN_64_TO_32_BIT_CONVERSION = YES;
				GCC_WARN_ABOUT_RETURN_TYPE = YES_ERROR;
				GCC_WARN_UNDECLARED_SELECTOR = YES;
				GCC_WARN_UNINITIALIZED_AUTOS = YES_AGGRESSIVE;
				GCC_WARN_UNUSED_FUNCTION = YES;
				GCC_WARN_UNUSED_VARIABLE = YES;
				IPHONEOS_DEPLOYMENT_TARGET = 12.1;
				MTL_ENABLE_DEBUG_INFO = INCLUDE_SOURCE;
				MTL_FAST_MATH = YES;
				ONLY_ACTIVE_ARCH = YES;
				SDKROOT = iphoneos;
				SWIFT_ACTIVE_COMPILATION_CONDITIONS = DEBUG;
				SWIFT_OPTIMIZATION_LEVEL = "-Onone";
			};
			name = Debug;
		};
		A63B2B1321AAFD40008F9BF5 /* Release */ = {
			isa = XCBuildConfiguration;
			buildSettings = {
				ALWAYS_SEARCH_USER_PATHS = NO;
				CLANG_ANALYZER_NONNULL = YES;
				CLANG_ANALYZER_NUMBER_OBJECT_CONVERSION = YES_AGGRESSIVE;
				CLANG_CXX_LANGUAGE_STANDARD = "gnu++14";
				CLANG_CXX_LIBRARY = "libc++";
				CLANG_ENABLE_MODULES = YES;
				CLANG_ENABLE_OBJC_ARC = YES;
				CLANG_ENABLE_OBJC_WEAK = YES;
				CLANG_WARN_BLOCK_CAPTURE_AUTORELEASING = YES;
				CLANG_WARN_BOOL_CONVERSION = YES;
				CLANG_WARN_COMMA = YES;
				CLANG_WARN_CONSTANT_CONVERSION = YES;
				CLANG_WARN_DEPRECATED_OBJC_IMPLEMENTATIONS = YES;
				CLANG_WARN_DIRECT_OBJC_ISA_USAGE = YES_ERROR;
				CLANG_WARN_DOCUMENTATION_COMMENTS = YES;
				CLANG_WARN_EMPTY_BODY = YES;
				CLANG_WARN_ENUM_CONVERSION = YES;
				CLANG_WARN_INFINITE_RECURSION = YES;
				CLANG_WARN_INT_CONVERSION = YES;
				CLANG_WARN_NON_LITERAL_NULL_CONVERSION = YES;
				CLANG_WARN_OBJC_IMPLICIT_RETAIN_SELF = YES;
				CLANG_WARN_OBJC_LITERAL_CONVERSION = YES;
				CLANG_WARN_OBJC_ROOT_CLASS = YES_ERROR;
				CLANG_WARN_RANGE_LOOP_ANALYSIS = YES;
				CLANG_WARN_STRICT_PROTOTYPES = YES;
				CLANG_WARN_SUSPICIOUS_MOVE = YES;
				CLANG_WARN_UNGUARDED_AVAILABILITY = YES_AGGRESSIVE;
				CLANG_WARN_UNREACHABLE_CODE = YES;
				CLANG_WARN__DUPLICATE_METHOD_MATCH = YES;
				CODE_SIGN_IDENTITY = "iPhone Developer";
				COPY_PHASE_STRIP = NO;
				DEBUG_INFORMATION_FORMAT = "dwarf-with-dsym";
				ENABLE_NS_ASSERTIONS = NO;
				ENABLE_STRICT_OBJC_MSGSEND = YES;
				GCC_C_LANGUAGE_STANDARD = gnu11;
				GCC_NO_COMMON_BLOCKS = YES;
				GCC_WARN_64_TO_32_BIT_CONVERSION = YES;
				GCC_WARN_ABOUT_RETURN_TYPE = YES_ERROR;
				GCC_WARN_UNDECLARED_SELECTOR = YES;
				GCC_WARN_UNINITIALIZED_AUTOS = YES_AGGRESSIVE;
				GCC_WARN_UNUSED_FUNCTION = YES;
				GCC_WARN_UNUSED_VARIABLE = YES;
				IPHONEOS_DEPLOYMENT_TARGET = 12.1;
				MTL_ENABLE_DEBUG_INFO = NO;
				MTL_FAST_MATH = YES;
				SDKROOT = iphoneos;
				SWIFT_COMPILATION_MODE = wholemodule;
				SWIFT_OPTIMIZATION_LEVEL = "-O";
				VALIDATE_PRODUCT = YES;
			};
			name = Release;
		};
		A63B2B1521AAFD40008F9BF5 /* Debug */ = {
			isa = XCBuildConfiguration;
			buildSettings = {
				ASSETCATALOG_COMPILER_APPICON_NAME = AppIcon;
				ASSETCATALOG_COMPILER_LAUNCHIMAGE_NAME = LaunchImage;
				CODE_SIGN_IDENTITY = "iPhone Developer";
				CODE_SIGN_STYLE = Automatic;
				DEVELOPMENT_TEAM = GWMLC9KWD7;
				INFOPLIST_FILE = "Rocket War/Info.plist";
				IPHONEOS_DEPLOYMENT_TARGET = 12.1;
				LD_RUNPATH_SEARCH_PATHS = (
					"$(inherited)",
					"@executable_path/Frameworks",
				);
				PRODUCT_BUNDLE_IDENTIFIER = "com.Elod-Arni.Tank-War";
				PRODUCT_NAME = "$(TARGET_NAME)";
				PROVISIONING_PROFILE_SPECIFIER = "";
				SWIFT_VERSION = 4.2;
				TARGETED_DEVICE_FAMILY = 1;
			};
			name = Debug;
		};
		A63B2B1621AAFD40008F9BF5 /* Release */ = {
			isa = XCBuildConfiguration;
			buildSettings = {
				ASSETCATALOG_COMPILER_APPICON_NAME = AppIcon;
				ASSETCATALOG_COMPILER_LAUNCHIMAGE_NAME = LaunchImage;
				CODE_SIGN_IDENTITY = "iPhone Developer";
				CODE_SIGN_STYLE = Automatic;
				DEVELOPMENT_TEAM = GWMLC9KWD7;
				INFOPLIST_FILE = "Rocket War/Info.plist";
				IPHONEOS_DEPLOYMENT_TARGET = 12.1;
				LD_RUNPATH_SEARCH_PATHS = (
					"$(inherited)",
					"@executable_path/Frameworks",
				);
				PRODUCT_BUNDLE_IDENTIFIER = "com.Elod-Arni.Tank-War";
				PRODUCT_NAME = "$(TARGET_NAME)";
				PROVISIONING_PROFILE_SPECIFIER = "";
				SWIFT_VERSION = 4.2;
				TARGETED_DEVICE_FAMILY = 1;
			};
			name = Release;
		};
		A63B2B1821AAFD40008F9BF5 /* Debug */ = {
			isa = XCBuildConfiguration;
			buildSettings = {
				ALWAYS_EMBED_SWIFT_STANDARD_LIBRARIES = YES;
				BUNDLE_LOADER = "$(TEST_HOST)";
				CODE_SIGN_STYLE = Automatic;
				DEVELOPMENT_TEAM = GWMLC9KWD7;
				INFOPLIST_FILE = "Rocket WarTests/Info.plist";
				LD_RUNPATH_SEARCH_PATHS = (
					"$(inherited)",
					"@executable_path/Frameworks",
					"@loader_path/Frameworks",
				);
				PRODUCT_BUNDLE_IDENTIFIER = "com.Elod-Arni.Rocket-WarTests";
				PRODUCT_NAME = "$(TARGET_NAME)";
				SWIFT_VERSION = 4.2;
				TARGETED_DEVICE_FAMILY = "1,2";
				TEST_HOST = "$(BUILT_PRODUCTS_DIR)/Rocket War.app/Rocket War";
			};
			name = Debug;
		};
		A63B2B1921AAFD40008F9BF5 /* Release */ = {
			isa = XCBuildConfiguration;
			buildSettings = {
				ALWAYS_EMBED_SWIFT_STANDARD_LIBRARIES = YES;
				BUNDLE_LOADER = "$(TEST_HOST)";
				CODE_SIGN_STYLE = Automatic;
				DEVELOPMENT_TEAM = GWMLC9KWD7;
				INFOPLIST_FILE = "Rocket WarTests/Info.plist";
				LD_RUNPATH_SEARCH_PATHS = (
					"$(inherited)",
					"@executable_path/Frameworks",
					"@loader_path/Frameworks",
				);
				PRODUCT_BUNDLE_IDENTIFIER = "com.Elod-Arni.Rocket-WarTests";
				PRODUCT_NAME = "$(TARGET_NAME)";
				SWIFT_VERSION = 4.2;
				TARGETED_DEVICE_FAMILY = "1,2";
				TEST_HOST = "$(BUILT_PRODUCTS_DIR)/Rocket War.app/Rocket War";
			};
			name = Release;
		};
		A63B2B1B21AAFD40008F9BF5 /* Debug */ = {
			isa = XCBuildConfiguration;
			buildSettings = {
				ALWAYS_EMBED_SWIFT_STANDARD_LIBRARIES = YES;
				CODE_SIGN_STYLE = Automatic;
				DEVELOPMENT_TEAM = GWMLC9KWD7;
				INFOPLIST_FILE = "Rocket WarUITests/Info.plist";
				LD_RUNPATH_SEARCH_PATHS = (
					"$(inherited)",
					"@executable_path/Frameworks",
					"@loader_path/Frameworks",
				);
				PRODUCT_BUNDLE_IDENTIFIER = "com.Elod-Arni.Rocket-WarUITests";
				PRODUCT_NAME = "$(TARGET_NAME)";
				SWIFT_VERSION = 4.2;
				TARGETED_DEVICE_FAMILY = "1,2";
				TEST_TARGET_NAME = "Rocket War";
			};
			name = Debug;
		};
		A63B2B1C21AAFD40008F9BF5 /* Release */ = {
			isa = XCBuildConfiguration;
			buildSettings = {
				ALWAYS_EMBED_SWIFT_STANDARD_LIBRARIES = YES;
				CODE_SIGN_STYLE = Automatic;
				DEVELOPMENT_TEAM = GWMLC9KWD7;
				INFOPLIST_FILE = "Rocket WarUITests/Info.plist";
				LD_RUNPATH_SEARCH_PATHS = (
					"$(inherited)",
					"@executable_path/Frameworks",
					"@loader_path/Frameworks",
				);
				PRODUCT_BUNDLE_IDENTIFIER = "com.Elod-Arni.Rocket-WarUITests";
				PRODUCT_NAME = "$(TARGET_NAME)";
				SWIFT_VERSION = 4.2;
				TARGETED_DEVICE_FAMILY = "1,2";
				TEST_TARGET_NAME = "Rocket War";
			};
			name = Release;
		};
/* End XCBuildConfiguration section */

/* Begin XCConfigurationList section */
		A63B2AE121AAFD3F008F9BF5 /* Build configuration list for PBXProject "Rocket War" */ = {
			isa = XCConfigurationList;
			buildConfigurations = (
				A63B2B1221AAFD40008F9BF5 /* Debug */,
				A63B2B1321AAFD40008F9BF5 /* Release */,
			);
			defaultConfigurationIsVisible = 0;
			defaultConfigurationName = Release;
		};
		A63B2B1421AAFD40008F9BF5 /* Build configuration list for PBXNativeTarget "Rocket War" */ = {
			isa = XCConfigurationList;
			buildConfigurations = (
				A63B2B1521AAFD40008F9BF5 /* Debug */,
				A63B2B1621AAFD40008F9BF5 /* Release */,
			);
			defaultConfigurationIsVisible = 0;
			defaultConfigurationName = Release;
		};
		A63B2B1721AAFD40008F9BF5 /* Build configuration list for PBXNativeTarget "Rocket WarTests" */ = {
			isa = XCConfigurationList;
			buildConfigurations = (
				A63B2B1821AAFD40008F9BF5 /* Debug */,
				A63B2B1921AAFD40008F9BF5 /* Release */,
			);
			defaultConfigurationIsVisible = 0;
			defaultConfigurationName = Release;
		};
		A63B2B1A21AAFD40008F9BF5 /* Build configuration list for PBXNativeTarget "Rocket WarUITests" */ = {
			isa = XCConfigurationList;
			buildConfigurations = (
				A63B2B1B21AAFD40008F9BF5 /* Debug */,
				A63B2B1C21AAFD40008F9BF5 /* Release */,
			);
			defaultConfigurationIsVisible = 0;
			defaultConfigurationName = Release;
		};
/* End XCConfigurationList section */
	};
	rootObject = A63B2ADE21AAFD3F008F9BF5 /* Project object */;
}
